
Microsoft Visual Studio Solution File, Format Version 12.00
# Visual Studio Version 17
VisualStudioVersion = 17.0.31903.59
MinimumVisualStudioVersion = 10.0.40219.1
Project("{2150E333-8FDC-42A3-9474-1A3956D46DE8}") = "src", "src", "{5302B0AD-8327-460B-A785-BBEA52D3EC95}"
EndProject
Project("{FAE04EC0-301F-11D3-BF4B-00C04F79EFBC}") = "Sienar.Core", "src\Sienar.Core\Sienar.Core.csproj", "{1F6CB22F-4194-4E0D-A240-A7D1A9FBA979}"
EndProject
Project("{FAE04EC0-301F-11D3-BF4B-00C04F79EFBC}") = "Sienar.Data", "src\Sienar.Data\Sienar.Data.csproj", "{F609AC51-B4F2-4B33-8CD0-09494D133F2B}"
EndProject
Project("{FAE04EC0-301F-11D3-BF4B-00C04F79EFBC}") = "Sienar.Razor", "src\Sienar.Razor\Sienar.Razor.csproj", "{D9BC4EDF-05E8-4811-9E63-9BBBE2CD82B3}"
EndProject
Project("{FAE04EC0-301F-11D3-BF4B-00C04F79EFBC}") = "Sienar.Razor.UI", "src\Sienar.Razor.UI\Sienar.Razor.UI.csproj", "{78CA95E4-05E2-4509-BD00-1D617771873D}"
EndProject
Project("{FAE04EC0-301F-11D3-BF4B-00C04F79EFBC}") = "Sienar.Rest", "src\Sienar.Rest\Sienar.Rest.csproj", "{7D6B2676-E112-46BD-9479-2090D55FF309}"
EndProject
Project("{FAE04EC0-301F-11D3-BF4B-00C04F79EFBC}") = "Sienar.Services", "src\Sienar.Services\Sienar.Services.csproj", "{FCA8EEF3-62BE-4B9A-9A91-4FAA916BFE4A}"
EndProject
Project("{FAE04EC0-301F-11D3-BF4B-00C04F79EFBC}") = "Sienar.MailKit", "src\Sienar.MailKit\Sienar.MailKit.csproj", "{07FCC7FF-281A-44F4-BE80-A39FB3AE83F3}"
EndProject
Project("{2150E333-8FDC-42A3-9474-1A3956D46DE8}") = "tests", "tests", "{340BC120-CDB5-431E-B966-7CB6D08B1AF8}"
EndProject
Project("{FAE04EC0-301F-11D3-BF4B-00C04F79EFBC}") = "Sienar.TestUtils", "tests\Sienar.TestUtils\Sienar.TestUtils.csproj", "{D46D7B93-AB41-4B8C-8FF9-48E89D0D37CB}"
EndProject
Project("{FAE04EC0-301F-11D3-BF4B-00C04F79EFBC}") = "Sienar.Services.Test", "tests\Sienar.Services.Test\Sienar.Services.Test.csproj", "{A279DCDC-E554-48D5-94BF-FA1D5FF4456C}"
EndProject
Project("{FAE04EC0-301F-11D3-BF4B-00C04F79EFBC}") = "Sienar.Services.Contracts", "src\Sienar.Services.Contracts\Sienar.Services.Contracts.csproj", "{5244A7C4-7F96-46CC-9756-5B039C96C85D}"
EndProject
Project("{FAE04EC0-301F-11D3-BF4B-00C04F79EFBC}") = "Sienar.BlazorServer", "src\Sienar.BlazorServer\Sienar.BlazorServer.csproj", "{C6D279BA-3BBC-4B42-ACDD-8FDE221159EA}"
EndProject
Project("{FAE04EC0-301F-11D3-BF4B-00C04F79EFBC}") = "Sienar.Razor.Bootstrap5", "src\Sienar.Razor.Bootstrap5\Sienar.Razor.Bootstrap5.csproj", "{176FD775-45F1-40C4-B4A1-F630D0DE9808}"
EndProject
Global
	GlobalSection(SolutionConfigurationPlatforms) = preSolution
		Debug|Any CPU = Debug|Any CPU
		Release|Any CPU = Release|Any CPU
	EndGlobalSection
	GlobalSection(SolutionProperties) = preSolution
		HideSolutionNode = FALSE
	EndGlobalSection
	GlobalSection(ProjectConfigurationPlatforms) = postSolution
		{1F6CB22F-4194-4E0D-A240-A7D1A9FBA979}.Debug|Any CPU.ActiveCfg = Debug|Any CPU
		{1F6CB22F-4194-4E0D-A240-A7D1A9FBA979}.Debug|Any CPU.Build.0 = Debug|Any CPU
		{1F6CB22F-4194-4E0D-A240-A7D1A9FBA979}.Release|Any CPU.ActiveCfg = Release|Any CPU
		{1F6CB22F-4194-4E0D-A240-A7D1A9FBA979}.Release|Any CPU.Build.0 = Release|Any CPU
		{F609AC51-B4F2-4B33-8CD0-09494D133F2B}.Debug|Any CPU.ActiveCfg = Debug|Any CPU
		{F609AC51-B4F2-4B33-8CD0-09494D133F2B}.Debug|Any CPU.Build.0 = Debug|Any CPU
		{F609AC51-B4F2-4B33-8CD0-09494D133F2B}.Release|Any CPU.ActiveCfg = Release|Any CPU
		{F609AC51-B4F2-4B33-8CD0-09494D133F2B}.Release|Any CPU.Build.0 = Release|Any CPU
		{D9BC4EDF-05E8-4811-9E63-9BBBE2CD82B3}.Debug|Any CPU.ActiveCfg = Debug|Any CPU
		{D9BC4EDF-05E8-4811-9E63-9BBBE2CD82B3}.Debug|Any CPU.Build.0 = Debug|Any CPU
		{D9BC4EDF-05E8-4811-9E63-9BBBE2CD82B3}.Release|Any CPU.ActiveCfg = Release|Any CPU
		{D9BC4EDF-05E8-4811-9E63-9BBBE2CD82B3}.Release|Any CPU.Build.0 = Release|Any CPU
		{78CA95E4-05E2-4509-BD00-1D617771873D}.Debug|Any CPU.ActiveCfg = Debug|Any CPU
		{78CA95E4-05E2-4509-BD00-1D617771873D}.Debug|Any CPU.Build.0 = Debug|Any CPU
		{78CA95E4-05E2-4509-BD00-1D617771873D}.Release|Any CPU.ActiveCfg = Release|Any CPU
		{78CA95E4-05E2-4509-BD00-1D617771873D}.Release|Any CPU.Build.0 = Release|Any CPU
		{7D6B2676-E112-46BD-9479-2090D55FF309}.Debug|Any CPU.ActiveCfg = Debug|Any CPU
		{7D6B2676-E112-46BD-9479-2090D55FF309}.Debug|Any CPU.Build.0 = Debug|Any CPU
		{7D6B2676-E112-46BD-9479-2090D55FF309}.Release|Any CPU.ActiveCfg = Release|Any CPU
		{7D6B2676-E112-46BD-9479-2090D55FF309}.Release|Any CPU.Build.0 = Release|Any CPU
		{FCA8EEF3-62BE-4B9A-9A91-4FAA916BFE4A}.Debug|Any CPU.ActiveCfg = Debug|Any CPU
		{FCA8EEF3-62BE-4B9A-9A91-4FAA916BFE4A}.Debug|Any CPU.Build.0 = Debug|Any CPU
		{FCA8EEF3-62BE-4B9A-9A91-4FAA916BFE4A}.Release|Any CPU.ActiveCfg = Release|Any CPU
		{FCA8EEF3-62BE-4B9A-9A91-4FAA916BFE4A}.Release|Any CPU.Build.0 = Release|Any CPU
		{07FCC7FF-281A-44F4-BE80-A39FB3AE83F3}.Debug|Any CPU.ActiveCfg = Debug|Any CPU
		{07FCC7FF-281A-44F4-BE80-A39FB3AE83F3}.Debug|Any CPU.Build.0 = Debug|Any CPU
		{07FCC7FF-281A-44F4-BE80-A39FB3AE83F3}.Release|Any CPU.ActiveCfg = Release|Any CPU
		{07FCC7FF-281A-44F4-BE80-A39FB3AE83F3}.Release|Any CPU.Build.0 = Release|Any CPU
		{D46D7B93-AB41-4B8C-8FF9-48E89D0D37CB}.Debug|Any CPU.ActiveCfg = Debug|Any CPU
		{D46D7B93-AB41-4B8C-8FF9-48E89D0D37CB}.Debug|Any CPU.Build.0 = Debug|Any CPU
		{D46D7B93-AB41-4B8C-8FF9-48E89D0D37CB}.Release|Any CPU.ActiveCfg = Release|Any CPU
		{D46D7B93-AB41-4B8C-8FF9-48E89D0D37CB}.Release|Any CPU.Build.0 = Release|Any CPU
		{A279DCDC-E554-48D5-94BF-FA1D5FF4456C}.Debug|Any CPU.ActiveCfg = Debug|Any CPU
		{A279DCDC-E554-48D5-94BF-FA1D5FF4456C}.Debug|Any CPU.Build.0 = Debug|Any CPU
		{A279DCDC-E554-48D5-94BF-FA1D5FF4456C}.Release|Any CPU.ActiveCfg = Release|Any CPU
		{A279DCDC-E554-48D5-94BF-FA1D5FF4456C}.Release|Any CPU.Build.0 = Release|Any CPU
		{5244A7C4-7F96-46CC-9756-5B039C96C85D}.Debug|Any CPU.ActiveCfg = Debug|Any CPU
		{5244A7C4-7F96-46CC-9756-5B039C96C85D}.Debug|Any CPU.Build.0 = Debug|Any CPU
		{5244A7C4-7F96-46CC-9756-5B039C96C85D}.Release|Any CPU.ActiveCfg = Release|Any CPU
		{5244A7C4-7F96-46CC-9756-5B039C96C85D}.Release|Any CPU.Build.0 = Release|Any CPU
		{C6D279BA-3BBC-4B42-ACDD-8FDE221159EA}.Debug|Any CPU.ActiveCfg = Debug|Any CPU
		{C6D279BA-3BBC-4B42-ACDD-8FDE221159EA}.Debug|Any CPU.Build.0 = Debug|Any CPU
		{C6D279BA-3BBC-4B42-ACDD-8FDE221159EA}.Release|Any CPU.ActiveCfg = Release|Any CPU
		{C6D279BA-3BBC-4B42-ACDD-8FDE221159EA}.Release|Any CPU.Build.0 = Release|Any CPU
		{176FD775-45F1-40C4-B4A1-F630D0DE9808}.Debug|Any CPU.ActiveCfg = Debug|Any CPU
		{176FD775-45F1-40C4-B4A1-F630D0DE9808}.Debug|Any CPU.Build.0 = Debug|Any CPU
		{176FD775-45F1-40C4-B4A1-F630D0DE9808}.Release|Any CPU.ActiveCfg = Release|Any CPU
		{176FD775-45F1-40C4-B4A1-F630D0DE9808}.Release|Any CPU.Build.0 = Release|Any CPU
	EndGlobalSection
	GlobalSection(NestedProjects) = preSolution
		{1F6CB22F-4194-4E0D-A240-A7D1A9FBA979} = {5302B0AD-8327-460B-A785-BBEA52D3EC95}
		{F609AC51-B4F2-4B33-8CD0-09494D133F2B} = {5302B0AD-8327-460B-A785-BBEA52D3EC95}
		{D9BC4EDF-05E8-4811-9E63-9BBBE2CD82B3} = {5302B0AD-8327-460B-A785-BBEA52D3EC95}
		{78CA95E4-05E2-4509-BD00-1D617771873D} = {5302B0AD-8327-460B-A785-BBEA52D3EC95}
		{7D6B2676-E112-46BD-9479-2090D55FF309} = {5302B0AD-8327-460B-A785-BBEA52D3EC95}
		{FCA8EEF3-62BE-4B9A-9A91-4FAA916BFE4A} = {5302B0AD-8327-460B-A785-BBEA52D3EC95}
		{07FCC7FF-281A-44F4-BE80-A39FB3AE83F3} = {5302B0AD-8327-460B-A785-BBEA52D3EC95}
		{D46D7B93-AB41-4B8C-8FF9-48E89D0D37CB} = {340BC120-CDB5-431E-B966-7CB6D08B1AF8}
		{A279DCDC-E554-48D5-94BF-FA1D5FF4456C} = {340BC120-CDB5-431E-B966-7CB6D08B1AF8}
		{5244A7C4-7F96-46CC-9756-5B039C96C85D} = {5302B0AD-8327-460B-A785-BBEA52D3EC95}
		{C6D279BA-3BBC-4B42-ACDD-8FDE221159EA} = {5302B0AD-8327-460B-A785-BBEA52D3EC95}
		{176FD775-45F1-40C4-B4A1-F630D0DE9808} = {5302B0AD-8327-460B-A785-BBEA52D3EC95}
	EndGlobalSection
EndGlobal
